
Microsoft Visual Studio Solution File, Format Version 12.00
# Visual Studio Version 17
VisualStudioVersion = 17.5.002.0
MinimumVisualStudioVersion = 10.0.40219.1
Project("{2150E333-8FDC-42A3-9474-1A3956D46DE8}") = "Ejercicios", "Ejercicios", "{2D1BC018-432E-4206-9A91-12C82ABBB984}"
EndProject
Project("{2150E333-8FDC-42A3-9474-1A3956D46DE8}") = "Primer_Trimestre", "Primer_Trimestre", "{0F86BC4D-B1DB-43E2-A982-3E658D31A5DF}"
EndProject
Project("{9A19103F-16F7-4668-BE54-9A1E7A4F7556}") = "Hello_World", "Ejercicios\Primer_Trimestre\Hello_World\Hello_World.csproj", "{C164B5F7-9D90-4350-8E66-5B447B93962F}"
EndProject
Project("{FAE04EC0-301F-11D3-BF4B-00C04F79EFBC}") = "Introduce_Datos", "Ejercicios\Primer_Trimestre\Introduce_Datos\Introduce_Datos.csproj", "{331D1663-392D-4241-A6CD-C922F8A326DA}"
EndProject
Project("{FAE04EC0-301F-11D3-BF4B-00C04F79EFBC}") = "Calculo_promedio_tiempo", "Ejercicios\Primer_Trimestre\Calculo_promedio_tiempo\Calculo_promedio_tiempo.csproj", "{3AB7B026-783A-4742-A994-BA7EE3DDD62D}"
EndProject
Project("{FAE04EC0-301F-11D3-BF4B-00C04F79EFBC}") = "Ingresar_Notas", "Ejercicios\Primer_Trimestre\Ingresar_Notas\Ingresar_Notas.csproj", "{AC0684D6-E03C-421A-9EAF-F6B96EAAFEB9}"
EndProject
Project("{FAE04EC0-301F-11D3-BF4B-00C04F79EFBC}") = "EjemploVariableNullYClase", "Ejercicios\Primer_Trimestre\EjemploVariableNullYClase\EjemploVariableNullYClase.csproj", "{EBC89AFA-69C5-4E2C-976A-8789B62FDDDE}"
EndProject
Project("{FAE04EC0-301F-11D3-BF4B-00C04F79EFBC}") = "EjemploMetodo", "Ejercicios\Primer_Trimestre\EjemploMetodo\EjemploMetodo.csproj", "{B5E25DD3-196A-4550-B524-322673D3E8BB}"
EndProject
Project("{FAE04EC0-301F-11D3-BF4B-00C04F79EFBC}") = "EjercicioFunciones", "Ejercicios\Primer_Trimestre\EjercicioFunciones\EjercicioFunciones.csproj", "{6D82A453-78B0-4D1E-9202-F1F618FD6591}"
EndProject
Project("{FAE04EC0-301F-11D3-BF4B-00C04F79EFBC}") = "CalculoNotas", "Ejercicios\Primer_Trimestre\CalculoNotas\CalculoNotas.csproj", "{4A97F92A-2B87-4F8B-AB8C-19ED5D18352D}"
EndProject
Project("{FAE04EC0-301F-11D3-BF4B-00C04F79EFBC}") = "PromedioNotas", "Ejercicios\Primer_Trimestre\PromedioNotas\PromedioNotas.csproj", "{DC46149A-6C3D-405A-A02A-DCF1DAABA096}"
EndProject
Project("{FAE04EC0-301F-11D3-BF4B-00C04F79EFBC}") = "ParOImpar", "Ejercicios\Primer_Trimestre\ParOImpar\ParOImpar.csproj", "{A18676A7-B96C-4846-A6F3-8D552A111E96}"
EndProject
Project("{FAE04EC0-301F-11D3-BF4B-00C04F79EFBC}") = "IMC", "Ejercicios\Primer_Trimestre\IMC\IMC.csproj", "{D9B10002-651D-4C2D-8B94-89D74A05C4EF}"
EndProject
Project("{2150E333-8FDC-42A3-9474-1A3956D46DE8}") = "ActividadTrimestral", "ActividadTrimestral", "{50177B19-96A2-42BA-A9DB-DC2241A10E94}"
EndProject
Project("{FAE04EC0-301F-11D3-BF4B-00C04F79EFBC}") = "AreaRectangulo", "Ejercicios\Primer_Trimestre\ActividadTrimestral\AreaRectangulo\AreaRectangulo.csproj", "{681256C8-6EDA-41BA-9C51-A0695894900A}"
EndProject
Project("{FAE04EC0-301F-11D3-BF4B-00C04F79EFBC}") = "PerimetroTriangulo", "Ejercicios\Primer_Trimestre\ActividadTrimestral\PerimetroTriangulo\PerimetroTriangulo.csproj", "{A314D10D-5F7A-490F-879A-7AA8ABAF9D49}"
EndProject
Project("{FAE04EC0-301F-11D3-BF4B-00C04F79EFBC}") = "MayorOMenor", "Ejercicios\Primer_Trimestre\ActividadTrimestral\MayorOMenor\MayorOMenor.csproj", "{7FE51E20-A109-40E5-A857-518AEF075539}"
EndProject
Project("{FAE04EC0-301F-11D3-BF4B-00C04F79EFBC}") = "MultiploDe5", "Ejercicios\Primer_Trimestre\ActividadTrimestral\MultiploDe5\MultiploDe5.csproj", "{F34FE287-82E6-4A2F-88B6-1FEED7892BAD}"
EndProject
Project("{2150E333-8FDC-42A3-9474-1A3956D46DE8}") = "Actividad_Condicionales_II", "Actividad_Condicionales_II", "{17BDC1A6-D995-4787-8693-19639BD4914E}"
EndProject
Project("{FAE04EC0-301F-11D3-BF4B-00C04F79EFBC}") = "Ejercicio1", "Ejercicios\Primer_Trimestre\Actividad_Condicionales_II\Ejercicio1\Ejercicio1.csproj", "{630ACA0C-152A-473F-A69D-A07FD875ED2D}"
EndProject
Project("{FAE04EC0-301F-11D3-BF4B-00C04F79EFBC}") = "Ejercicio2", "Ejercicios\Primer_Trimestre\Actividad_Condicionales_II\Ejercicio2\Ejercicio2.csproj", "{C8C7F6A3-615F-4330-960D-3F982AE6C04D}"
EndProject
Project("{FAE04EC0-301F-11D3-BF4B-00C04F79EFBC}") = "Ejercicio3", "Ejercicios\Primer_Trimestre\Actividad_Condicionales_II\Ejercicio3\Ejercicio3.csproj", "{FFBA9B8B-1F1F-48C3-9F58-7BD7771331D8}"
EndProject
Project("{2150E333-8FDC-42A3-9474-1A3956D46DE8}") = "Segundo_Trimestre", "Segundo_Trimestre", "{A7A8B5E3-0BA0-4AF7-AB84-FD223CD6EF74}"
EndProject
Project("{2150E333-8FDC-42A3-9474-1A3956D46DE8}") = "Ejercicios_bucles", "Ejercicios_bucles", "{80DAE53C-080E-45BD-9F0B-7EC9990D9AA9}"
EndProject
Project("{FAE04EC0-301F-11D3-BF4B-00C04F79EFBC}") = "Ejercicio_1", "Ejercicios\Segundo_Trimestre\Ejercicios_bucles\Ejercicio_1\Ejercicio_1.csproj", "{1F8E1748-9F29-45EE-86C9-A6ACEA92521D}"
EndProject
Project("{FAE04EC0-301F-11D3-BF4B-00C04F79EFBC}") = "Ejercicio_2", "Ejercicios\Segundo_Trimestre\Ejercicios_bucles\Ejercicio_2\Ejercicio_2.csproj", "{8E538990-5BE8-4223-813F-E7A6B3F72A9F}"
EndProject
Project("{FAE04EC0-301F-11D3-BF4B-00C04F79EFBC}") = "Ejercicio_3", "Ejercicios\Segundo_Trimestre\Ejercicios_bucles\Ejercicio_3\Ejercicio_3.csproj", "{CDBFD395-FB3A-4994-9641-13FE7AEC6073}"
EndProject
Project("{FAE04EC0-301F-11D3-BF4B-00C04F79EFBC}") = "Ejercicio_4", "Ejercicios\Segundo_Trimestre\Ejercicios_bucles\Ejercicio_4\Ejercicio_4.csproj", "{F717A22E-5BC4-4CE8-BE91-DB7AF64114F1}"
EndProject
Project("{2150E333-8FDC-42A3-9474-1A3956D46DE8}") = "Ejercicios_arrays", "Ejercicios_arrays", "{2D08043A-E0C1-4912-AE1F-66D016C39BEA}"
EndProject
Project("{FAE04EC0-301F-11D3-BF4B-00C04F79EFBC}") = "Ejercicio_1", "Ejercicios\Segundo_Trimestre\Ejercicios_arrays\Ejercicio_1\Ejercicio_1.csproj", "{A5DF5DB8-49D7-405B-84D9-59DF8F7FF3F9}"
EndProject
Project("{FAE04EC0-301F-11D3-BF4B-00C04F79EFBC}") = "Ejercicio_2", "Ejercicios\Segundo_Trimestre\Ejercicios_arrays\Ejercicio_2\Ejercicio_2.csproj", "{00C08958-3536-4273-8EFB-53DEE1BFEABA}"
EndProject
Project("{FAE04EC0-301F-11D3-BF4B-00C04F79EFBC}") = "EjercicioPresencial", "Ejercicios\Segundo_Trimestre\Ejercicios_bucles\EjercicioPresencial\EjercicioPresencial.csproj", "{2A7F880D-7F79-4A11-A2F7-789D2B39EAE3}"
EndProject
Project("{FAE04EC0-301F-11D3-BF4B-00C04F79EFBC}") = "EjercicioPresencial", "Ejercicios\Segundo_Trimestre\Ejercicios_arrays\EjercicioPresencial\EjercicioPresencial.csproj", "{B92FEF58-A94E-4F4E-A5F7-161F2ABA40C1}"
EndProject
Project("{2150E333-8FDC-42A3-9474-1A3956D46DE8}") = "Ejercicios_Metodos", "Ejercicios_Metodos", "{368E4803-7A71-4081-AC5E-C48818BDDEDF}"
EndProject
Project("{2150E333-8FDC-42A3-9474-1A3956D46DE8}") = "Ejercicios_Librerias", "Ejercicios_Librerias", "{3B03B047-FC38-423D-8D97-16B53E9B5B59}"
EndProject
Project("{2150E333-8FDC-42A3-9474-1A3956D46DE8}") = "Actividad_Trimestral", "Actividad_Trimestral", "{3807DDD3-1F07-4A85-B75A-382DAB8F727A}"
EndProject
Project("{FAE04EC0-301F-11D3-BF4B-00C04F79EFBC}") = "Ejercicio_1", "Ejercicios\Segundo_Trimestre\Actividad_Trimestral\Ejercicio_1\Ejercicio_1.csproj", "{6AA56974-CAF3-4D9A-A72C-BC108F50D9E9}"
EndProject
Project("{FAE04EC0-301F-11D3-BF4B-00C04F79EFBC}") = "Ejercicio_2", "Ejercicios\Segundo_Trimestre\Actividad_Trimestral\Ejercicio_2\Ejercicio_2.csproj", "{B8668B3E-793A-47DD-BF05-FB99606267BE}"
EndProject
Global
	GlobalSection(SolutionConfigurationPlatforms) = preSolution
		Debug|Any CPU = Debug|Any CPU
		Release|Any CPU = Release|Any CPU
	EndGlobalSection
	GlobalSection(ProjectConfigurationPlatforms) = postSolution
		{C164B5F7-9D90-4350-8E66-5B447B93962F}.Debug|Any CPU.ActiveCfg = Debug|Any CPU
		{C164B5F7-9D90-4350-8E66-5B447B93962F}.Debug|Any CPU.Build.0 = Debug|Any CPU
		{C164B5F7-9D90-4350-8E66-5B447B93962F}.Release|Any CPU.ActiveCfg = Release|Any CPU
		{C164B5F7-9D90-4350-8E66-5B447B93962F}.Release|Any CPU.Build.0 = Release|Any CPU
		{331D1663-392D-4241-A6CD-C922F8A326DA}.Debug|Any CPU.ActiveCfg = Debug|Any CPU
		{331D1663-392D-4241-A6CD-C922F8A326DA}.Debug|Any CPU.Build.0 = Debug|Any CPU
		{331D1663-392D-4241-A6CD-C922F8A326DA}.Release|Any CPU.ActiveCfg = Release|Any CPU
		{331D1663-392D-4241-A6CD-C922F8A326DA}.Release|Any CPU.Build.0 = Release|Any CPU
		{3AB7B026-783A-4742-A994-BA7EE3DDD62D}.Debug|Any CPU.ActiveCfg = Debug|Any CPU
		{3AB7B026-783A-4742-A994-BA7EE3DDD62D}.Debug|Any CPU.Build.0 = Debug|Any CPU
		{3AB7B026-783A-4742-A994-BA7EE3DDD62D}.Release|Any CPU.ActiveCfg = Release|Any CPU
		{3AB7B026-783A-4742-A994-BA7EE3DDD62D}.Release|Any CPU.Build.0 = Release|Any CPU
		{AC0684D6-E03C-421A-9EAF-F6B96EAAFEB9}.Debug|Any CPU.ActiveCfg = Debug|Any CPU
		{AC0684D6-E03C-421A-9EAF-F6B96EAAFEB9}.Debug|Any CPU.Build.0 = Debug|Any CPU
		{AC0684D6-E03C-421A-9EAF-F6B96EAAFEB9}.Release|Any CPU.ActiveCfg = Release|Any CPU
		{AC0684D6-E03C-421A-9EAF-F6B96EAAFEB9}.Release|Any CPU.Build.0 = Release|Any CPU
		{EBC89AFA-69C5-4E2C-976A-8789B62FDDDE}.Debug|Any CPU.ActiveCfg = Debug|Any CPU
		{EBC89AFA-69C5-4E2C-976A-8789B62FDDDE}.Debug|Any CPU.Build.0 = Debug|Any CPU
		{EBC89AFA-69C5-4E2C-976A-8789B62FDDDE}.Release|Any CPU.ActiveCfg = Release|Any CPU
		{EBC89AFA-69C5-4E2C-976A-8789B62FDDDE}.Release|Any CPU.Build.0 = Release|Any CPU
		{B5E25DD3-196A-4550-B524-322673D3E8BB}.Debug|Any CPU.ActiveCfg = Debug|Any CPU
		{B5E25DD3-196A-4550-B524-322673D3E8BB}.Debug|Any CPU.Build.0 = Debug|Any CPU
		{B5E25DD3-196A-4550-B524-322673D3E8BB}.Release|Any CPU.ActiveCfg = Release|Any CPU
		{B5E25DD3-196A-4550-B524-322673D3E8BB}.Release|Any CPU.Build.0 = Release|Any CPU
		{6D82A453-78B0-4D1E-9202-F1F618FD6591}.Debug|Any CPU.ActiveCfg = Debug|Any CPU
		{6D82A453-78B0-4D1E-9202-F1F618FD6591}.Debug|Any CPU.Build.0 = Debug|Any CPU
		{6D82A453-78B0-4D1E-9202-F1F618FD6591}.Release|Any CPU.ActiveCfg = Release|Any CPU
		{6D82A453-78B0-4D1E-9202-F1F618FD6591}.Release|Any CPU.Build.0 = Release|Any CPU
		{4A97F92A-2B87-4F8B-AB8C-19ED5D18352D}.Debug|Any CPU.ActiveCfg = Debug|Any CPU
		{4A97F92A-2B87-4F8B-AB8C-19ED5D18352D}.Debug|Any CPU.Build.0 = Debug|Any CPU
		{4A97F92A-2B87-4F8B-AB8C-19ED5D18352D}.Release|Any CPU.ActiveCfg = Release|Any CPU
		{4A97F92A-2B87-4F8B-AB8C-19ED5D18352D}.Release|Any CPU.Build.0 = Release|Any CPU
		{DC46149A-6C3D-405A-A02A-DCF1DAABA096}.Debug|Any CPU.ActiveCfg = Debug|Any CPU
		{DC46149A-6C3D-405A-A02A-DCF1DAABA096}.Debug|Any CPU.Build.0 = Debug|Any CPU
		{DC46149A-6C3D-405A-A02A-DCF1DAABA096}.Release|Any CPU.ActiveCfg = Release|Any CPU
		{DC46149A-6C3D-405A-A02A-DCF1DAABA096}.Release|Any CPU.Build.0 = Release|Any CPU
		{A18676A7-B96C-4846-A6F3-8D552A111E96}.Debug|Any CPU.ActiveCfg = Debug|Any CPU
		{A18676A7-B96C-4846-A6F3-8D552A111E96}.Debug|Any CPU.Build.0 = Debug|Any CPU
		{A18676A7-B96C-4846-A6F3-8D552A111E96}.Release|Any CPU.ActiveCfg = Release|Any CPU
		{A18676A7-B96C-4846-A6F3-8D552A111E96}.Release|Any CPU.Build.0 = Release|Any CPU
		{D9B10002-651D-4C2D-8B94-89D74A05C4EF}.Debug|Any CPU.ActiveCfg = Debug|Any CPU
		{D9B10002-651D-4C2D-8B94-89D74A05C4EF}.Debug|Any CPU.Build.0 = Debug|Any CPU
		{D9B10002-651D-4C2D-8B94-89D74A05C4EF}.Release|Any CPU.ActiveCfg = Release|Any CPU
		{D9B10002-651D-4C2D-8B94-89D74A05C4EF}.Release|Any CPU.Build.0 = Release|Any CPU
		{681256C8-6EDA-41BA-9C51-A0695894900A}.Debug|Any CPU.ActiveCfg = Debug|Any CPU
		{681256C8-6EDA-41BA-9C51-A0695894900A}.Debug|Any CPU.Build.0 = Debug|Any CPU
		{681256C8-6EDA-41BA-9C51-A0695894900A}.Release|Any CPU.ActiveCfg = Release|Any CPU
		{681256C8-6EDA-41BA-9C51-A0695894900A}.Release|Any CPU.Build.0 = Release|Any CPU
		{A314D10D-5F7A-490F-879A-7AA8ABAF9D49}.Debug|Any CPU.ActiveCfg = Debug|Any CPU
		{A314D10D-5F7A-490F-879A-7AA8ABAF9D49}.Debug|Any CPU.Build.0 = Debug|Any CPU
		{A314D10D-5F7A-490F-879A-7AA8ABAF9D49}.Release|Any CPU.ActiveCfg = Release|Any CPU
		{A314D10D-5F7A-490F-879A-7AA8ABAF9D49}.Release|Any CPU.Build.0 = Release|Any CPU
		{7FE51E20-A109-40E5-A857-518AEF075539}.Debug|Any CPU.ActiveCfg = Debug|Any CPU
		{7FE51E20-A109-40E5-A857-518AEF075539}.Debug|Any CPU.Build.0 = Debug|Any CPU
		{7FE51E20-A109-40E5-A857-518AEF075539}.Release|Any CPU.ActiveCfg = Release|Any CPU
		{7FE51E20-A109-40E5-A857-518AEF075539}.Release|Any CPU.Build.0 = Release|Any CPU
		{F34FE287-82E6-4A2F-88B6-1FEED7892BAD}.Debug|Any CPU.ActiveCfg = Debug|Any CPU
		{F34FE287-82E6-4A2F-88B6-1FEED7892BAD}.Debug|Any CPU.Build.0 = Debug|Any CPU
		{F34FE287-82E6-4A2F-88B6-1FEED7892BAD}.Release|Any CPU.ActiveCfg = Release|Any CPU
		{F34FE287-82E6-4A2F-88B6-1FEED7892BAD}.Release|Any CPU.Build.0 = Release|Any CPU
		{630ACA0C-152A-473F-A69D-A07FD875ED2D}.Debug|Any CPU.ActiveCfg = Debug|Any CPU
		{630ACA0C-152A-473F-A69D-A07FD875ED2D}.Debug|Any CPU.Build.0 = Debug|Any CPU
		{630ACA0C-152A-473F-A69D-A07FD875ED2D}.Release|Any CPU.ActiveCfg = Release|Any CPU
		{630ACA0C-152A-473F-A69D-A07FD875ED2D}.Release|Any CPU.Build.0 = Release|Any CPU
		{C8C7F6A3-615F-4330-960D-3F982AE6C04D}.Debug|Any CPU.ActiveCfg = Debug|Any CPU
		{C8C7F6A3-615F-4330-960D-3F982AE6C04D}.Debug|Any CPU.Build.0 = Debug|Any CPU
		{C8C7F6A3-615F-4330-960D-3F982AE6C04D}.Release|Any CPU.ActiveCfg = Release|Any CPU
		{C8C7F6A3-615F-4330-960D-3F982AE6C04D}.Release|Any CPU.Build.0 = Release|Any CPU
		{FFBA9B8B-1F1F-48C3-9F58-7BD7771331D8}.Debug|Any CPU.ActiveCfg = Debug|Any CPU
		{FFBA9B8B-1F1F-48C3-9F58-7BD7771331D8}.Debug|Any CPU.Build.0 = Debug|Any CPU
		{FFBA9B8B-1F1F-48C3-9F58-7BD7771331D8}.Release|Any CPU.ActiveCfg = Release|Any CPU
		{FFBA9B8B-1F1F-48C3-9F58-7BD7771331D8}.Release|Any CPU.Build.0 = Release|Any CPU
		{1F8E1748-9F29-45EE-86C9-A6ACEA92521D}.Debug|Any CPU.ActiveCfg = Debug|Any CPU
		{1F8E1748-9F29-45EE-86C9-A6ACEA92521D}.Debug|Any CPU.Build.0 = Debug|Any CPU
		{1F8E1748-9F29-45EE-86C9-A6ACEA92521D}.Release|Any CPU.ActiveCfg = Release|Any CPU
		{1F8E1748-9F29-45EE-86C9-A6ACEA92521D}.Release|Any CPU.Build.0 = Release|Any CPU
		{8E538990-5BE8-4223-813F-E7A6B3F72A9F}.Debug|Any CPU.ActiveCfg = Debug|Any CPU
		{8E538990-5BE8-4223-813F-E7A6B3F72A9F}.Debug|Any CPU.Build.0 = Debug|Any CPU
		{8E538990-5BE8-4223-813F-E7A6B3F72A9F}.Release|Any CPU.ActiveCfg = Release|Any CPU
		{8E538990-5BE8-4223-813F-E7A6B3F72A9F}.Release|Any CPU.Build.0 = Release|Any CPU
		{CDBFD395-FB3A-4994-9641-13FE7AEC6073}.Debug|Any CPU.ActiveCfg = Debug|Any CPU
		{CDBFD395-FB3A-4994-9641-13FE7AEC6073}.Debug|Any CPU.Build.0 = Debug|Any CPU
		{CDBFD395-FB3A-4994-9641-13FE7AEC6073}.Release|Any CPU.ActiveCfg = Release|Any CPU
		{CDBFD395-FB3A-4994-9641-13FE7AEC6073}.Release|Any CPU.Build.0 = Release|Any CPU
		{F717A22E-5BC4-4CE8-BE91-DB7AF64114F1}.Debug|Any CPU.ActiveCfg = Debug|Any CPU
		{F717A22E-5BC4-4CE8-BE91-DB7AF64114F1}.Debug|Any CPU.Build.0 = Debug|Any CPU
		{F717A22E-5BC4-4CE8-BE91-DB7AF64114F1}.Release|Any CPU.ActiveCfg = Release|Any CPU
		{F717A22E-5BC4-4CE8-BE91-DB7AF64114F1}.Release|Any CPU.Build.0 = Release|Any CPU
		{A5DF5DB8-49D7-405B-84D9-59DF8F7FF3F9}.Debug|Any CPU.ActiveCfg = Debug|Any CPU
		{A5DF5DB8-49D7-405B-84D9-59DF8F7FF3F9}.Debug|Any CPU.Build.0 = Debug|Any CPU
		{A5DF5DB8-49D7-405B-84D9-59DF8F7FF3F9}.Release|Any CPU.ActiveCfg = Release|Any CPU
		{A5DF5DB8-49D7-405B-84D9-59DF8F7FF3F9}.Release|Any CPU.Build.0 = Release|Any CPU
		{00C08958-3536-4273-8EFB-53DEE1BFEABA}.Debug|Any CPU.ActiveCfg = Debug|Any CPU
		{00C08958-3536-4273-8EFB-53DEE1BFEABA}.Debug|Any CPU.Build.0 = Debug|Any CPU
		{00C08958-3536-4273-8EFB-53DEE1BFEABA}.Release|Any CPU.ActiveCfg = Release|Any CPU
		{00C08958-3536-4273-8EFB-53DEE1BFEABA}.Release|Any CPU.Build.0 = Release|Any CPU
		{2A7F880D-7F79-4A11-A2F7-789D2B39EAE3}.Debug|Any CPU.ActiveCfg = Debug|Any CPU
		{2A7F880D-7F79-4A11-A2F7-789D2B39EAE3}.Debug|Any CPU.Build.0 = Debug|Any CPU
		{2A7F880D-7F79-4A11-A2F7-789D2B39EAE3}.Release|Any CPU.ActiveCfg = Release|Any CPU
		{2A7F880D-7F79-4A11-A2F7-789D2B39EAE3}.Release|Any CPU.Build.0 = Release|Any CPU
		{B92FEF58-A94E-4F4E-A5F7-161F2ABA40C1}.Debug|Any CPU.ActiveCfg = Debug|Any CPU
		{B92FEF58-A94E-4F4E-A5F7-161F2ABA40C1}.Debug|Any CPU.Build.0 = Debug|Any CPU
		{B92FEF58-A94E-4F4E-A5F7-161F2ABA40C1}.Release|Any CPU.ActiveCfg = Release|Any CPU
		{B92FEF58-A94E-4F4E-A5F7-161F2ABA40C1}.Release|Any CPU.Build.0 = Release|Any CPU
		{6AA56974-CAF3-4D9A-A72C-BC108F50D9E9}.Debug|Any CPU.ActiveCfg = Debug|Any CPU
		{6AA56974-CAF3-4D9A-A72C-BC108F50D9E9}.Debug|Any CPU.Build.0 = Debug|Any CPU
		{6AA56974-CAF3-4D9A-A72C-BC108F50D9E9}.Release|Any CPU.ActiveCfg = Release|Any CPU
		{6AA56974-CAF3-4D9A-A72C-BC108F50D9E9}.Release|Any CPU.Build.0 = Release|Any CPU
		{B8668B3E-793A-47DD-BF05-FB99606267BE}.Debug|Any CPU.ActiveCfg = Debug|Any CPU
		{B8668B3E-793A-47DD-BF05-FB99606267BE}.Debug|Any CPU.Build.0 = Debug|Any CPU
		{B8668B3E-793A-47DD-BF05-FB99606267BE}.Release|Any CPU.ActiveCfg = Release|Any CPU
		{B8668B3E-793A-47DD-BF05-FB99606267BE}.Release|Any CPU.Build.0 = Release|Any CPU
	EndGlobalSection
	GlobalSection(SolutionProperties) = preSolution
		HideSolutionNode = FALSE
	EndGlobalSection
	GlobalSection(NestedProjects) = preSolution
		{0F86BC4D-B1DB-43E2-A982-3E658D31A5DF} = {2D1BC018-432E-4206-9A91-12C82ABBB984}
		{C164B5F7-9D90-4350-8E66-5B447B93962F} = {0F86BC4D-B1DB-43E2-A982-3E658D31A5DF}
		{331D1663-392D-4241-A6CD-C922F8A326DA} = {0F86BC4D-B1DB-43E2-A982-3E658D31A5DF}
		{3AB7B026-783A-4742-A994-BA7EE3DDD62D} = {0F86BC4D-B1DB-43E2-A982-3E658D31A5DF}
		{AC0684D6-E03C-421A-9EAF-F6B96EAAFEB9} = {0F86BC4D-B1DB-43E2-A982-3E658D31A5DF}
		{EBC89AFA-69C5-4E2C-976A-8789B62FDDDE} = {0F86BC4D-B1DB-43E2-A982-3E658D31A5DF}
		{B5E25DD3-196A-4550-B524-322673D3E8BB} = {0F86BC4D-B1DB-43E2-A982-3E658D31A5DF}
		{6D82A453-78B0-4D1E-9202-F1F618FD6591} = {0F86BC4D-B1DB-43E2-A982-3E658D31A5DF}
		{4A97F92A-2B87-4F8B-AB8C-19ED5D18352D} = {0F86BC4D-B1DB-43E2-A982-3E658D31A5DF}
		{DC46149A-6C3D-405A-A02A-DCF1DAABA096} = {0F86BC4D-B1DB-43E2-A982-3E658D31A5DF}
		{A18676A7-B96C-4846-A6F3-8D552A111E96} = {0F86BC4D-B1DB-43E2-A982-3E658D31A5DF}
		{D9B10002-651D-4C2D-8B94-89D74A05C4EF} = {0F86BC4D-B1DB-43E2-A982-3E658D31A5DF}
		{50177B19-96A2-42BA-A9DB-DC2241A10E94} = {0F86BC4D-B1DB-43E2-A982-3E658D31A5DF}
		{681256C8-6EDA-41BA-9C51-A0695894900A} = {50177B19-96A2-42BA-A9DB-DC2241A10E94}
		{A314D10D-5F7A-490F-879A-7AA8ABAF9D49} = {50177B19-96A2-42BA-A9DB-DC2241A10E94}
		{7FE51E20-A109-40E5-A857-518AEF075539} = {50177B19-96A2-42BA-A9DB-DC2241A10E94}
		{F34FE287-82E6-4A2F-88B6-1FEED7892BAD} = {50177B19-96A2-42BA-A9DB-DC2241A10E94}
		{17BDC1A6-D995-4787-8693-19639BD4914E} = {0F86BC4D-B1DB-43E2-A982-3E658D31A5DF}
		{630ACA0C-152A-473F-A69D-A07FD875ED2D} = {17BDC1A6-D995-4787-8693-19639BD4914E}
		{C8C7F6A3-615F-4330-960D-3F982AE6C04D} = {17BDC1A6-D995-4787-8693-19639BD4914E}
		{FFBA9B8B-1F1F-48C3-9F58-7BD7771331D8} = {17BDC1A6-D995-4787-8693-19639BD4914E}
		{A7A8B5E3-0BA0-4AF7-AB84-FD223CD6EF74} = {2D1BC018-432E-4206-9A91-12C82ABBB984}
		{80DAE53C-080E-45BD-9F0B-7EC9990D9AA9} = {A7A8B5E3-0BA0-4AF7-AB84-FD223CD6EF74}
		{1F8E1748-9F29-45EE-86C9-A6ACEA92521D} = {80DAE53C-080E-45BD-9F0B-7EC9990D9AA9}
		{8E538990-5BE8-4223-813F-E7A6B3F72A9F} = {80DAE53C-080E-45BD-9F0B-7EC9990D9AA9}
		{CDBFD395-FB3A-4994-9641-13FE7AEC6073} = {80DAE53C-080E-45BD-9F0B-7EC9990D9AA9}
		{F717A22E-5BC4-4CE8-BE91-DB7AF64114F1} = {80DAE53C-080E-45BD-9F0B-7EC9990D9AA9}
		{2D08043A-E0C1-4912-AE1F-66D016C39BEA} = {A7A8B5E3-0BA0-4AF7-AB84-FD223CD6EF74}
		{00C08958-3536-4273-8EFB-53DEE1BFEABA} = {2D08043A-E0C1-4912-AE1F-66D016C39BEA}
		{A5DF5DB8-49D7-405B-84D9-59DF8F7FF3F9} = {2D08043A-E0C1-4912-AE1F-66D016C39BEA}
		{2A7F880D-7F79-4A11-A2F7-789D2B39EAE3} = {80DAE53C-080E-45BD-9F0B-7EC9990D9AA9}
		{B92FEF58-A94E-4F4E-A5F7-161F2ABA40C1} = {2D08043A-E0C1-4912-AE1F-66D016C39BEA}
		{368E4803-7A71-4081-AC5E-C48818BDDEDF} = {A7A8B5E3-0BA0-4AF7-AB84-FD223CD6EF74}
		{3B03B047-FC38-423D-8D97-16B53E9B5B59} = {A7A8B5E3-0BA0-4AF7-AB84-FD223CD6EF74}
		{3807DDD3-1F07-4A85-B75A-382DAB8F727A} = {A7A8B5E3-0BA0-4AF7-AB84-FD223CD6EF74}
		{6AA56974-CAF3-4D9A-A72C-BC108F50D9E9} = {3807DDD3-1F07-4A85-B75A-382DAB8F727A}
		{B8668B3E-793A-47DD-BF05-FB99606267BE} = {3807DDD3-1F07-4A85-B75A-382DAB8F727A}
	EndGlobalSection
	GlobalSection(ExtensibilityGlobals) = postSolution
		SolutionGuid = {9DC77045-C216-4DA7-B940-463EA2E68CDF}
	EndGlobalSection
EndGlobal
